
Microsoft Visual Studio Solution File, Format Version 12.00
# Visual Studio Version 17
Project("{8BC9CEB8-8B4A-11D0-8D11-00A0C91BC942}") = "ALL_BUILD", "ALL_BUILD.vcxproj", "{3C64B943-837F-3427-A424-88DAFFFCB5DF}"
	ProjectSection(ProjectDependencies) = postProject
		{2FFC58F7-2B8E-389F-B888-FE40F1F15C39} = {2FFC58F7-2B8E-389F-B888-FE40F1F15C39}
		{64D317F4-11D9-3E7D-9318-6516FDC2CCC8} = {64D317F4-11D9-3E7D-9318-6516FDC2CCC8}
		{A76AF230-12CC-3FC4-91EA-2206CA604E76} = {A76AF230-12CC-3FC4-91EA-2206CA604E76}
		{E82DD609-DD3E-3698-9032-F1DA727E4051} = {E82DD609-DD3E-3698-9032-F1DA727E4051}
	EndProjectSection
EndProject
Project("{8BC9CEB8-8B4A-11D0-8D11-00A0C91BC942}") = "INSTALL", "INSTALL.vcxproj", "{CA9A64CE-D062-3FD2-AB09-5CD2D4F67DFA}"
	ProjectSection(ProjectDependencies) = postProject
		{3C64B943-837F-3427-A424-88DAFFFCB5DF} = {3C64B943-837F-3427-A424-88DAFFFCB5DF}
		{2FFC58F7-2B8E-389F-B888-FE40F1F15C39} = {2FFC58F7-2B8E-389F-B888-FE40F1F15C39}
	EndProjectSection
EndProject
Project("{8BC9CEB8-8B4A-11D0-8D11-00A0C91BC942}") = "ZERO_CHECK", "ZERO_CHECK.vcxproj", "{2FFC58F7-2B8E-389F-B888-FE40F1F15C39}"
	ProjectSection(ProjectDependencies) = postProject
	EndProjectSection
EndProject
Project("{8BC9CEB8-8B4A-11D0-8D11-00A0C91BC942}") = "iconv_shared", "iconv_shared.vcxproj", "{64D317F4-11D9-3E7D-9318-6516FDC2CCC8}"
	ProjectSection(ProjectDependencies) = postProject
		{2FFC58F7-2B8E-389F-B888-FE40F1F15C39} = {2FFC58F7-2B8E-389F-B888-FE40F1F15C39}
	EndProjectSection
EndProject
Project("{8BC9CEB8-8B4A-11D0-8D11-00A0C91BC942}") = "iconv_static", "iconv_static.vcxproj", "{A76AF230-12CC-3FC4-91EA-2206CA604E76}"
	ProjectSection(ProjectDependencies) = postProject
		{2FFC58F7-2B8E-389F-B888-FE40F1F15C39} = {2FFC58F7-2B8E-389F-B888-FE40F1F15C39}
	EndProjectSection
EndProject
Project("{8BC9CEB8-8B4A-11D0-8D11-00A0C91BC942}") = "win_iconv", "win_iconv.vcxproj", "{E82DD609-DD3E-3698-9032-F1DA727E4051}"
	ProjectSection(ProjectDependencies) = postProject
		{2FFC58F7-2B8E-389F-B888-FE40F1F15C39} = {2FFC58F7-2B8E-389F-B888-FE40F1F15C39}
	EndProjectSection
EndProject
Global
	GlobalSection(SolutionConfigurationPlatforms) = preSolution
		Debug|x64 = Debug|x64
		Release|x64 = Release|x64
		MinSizeRel|x64 = MinSizeRel|x64
		RelWithDebInfo|x64 = RelWithDebInfo|x64
	EndGlobalSection
	GlobalSection(ProjectConfigurationPlatforms) = postSolution
		{3C64B943-837F-3427-A424-88DAFFFCB5DF}.Debug|x64.ActiveCfg = Debug|x64
		{3C64B943-837F-3427-A424-88DAFFFCB5DF}.Debug|x64.Build.0 = Debug|x64
		{3C64B943-837F-3427-A424-88DAFFFCB5DF}.Release|x64.ActiveCfg = Release|x64
		{3C64B943-837F-3427-A424-88DAFFFCB5DF}.Release|x64.Build.0 = Release|x64
		{3C64B943-837F-3427-A424-88DAFFFCB5DF}.MinSizeRel|x64.ActiveCfg = MinSizeRel|x64
		{3C64B943-837F-3427-A424-88DAFFFCB5DF}.MinSizeRel|x64.Build.0 = MinSizeRel|x64
		{3C64B943-837F-3427-A424-88DAFFFCB5DF}.RelWithDebInfo|x64.ActiveCfg = RelWithDebInfo|x64
		{3C64B943-837F-3427-A424-88DAFFFCB5DF}.RelWithDebInfo|x64.Build.0 = RelWithDebInfo|x64
		{CA9A64CE-D062-3FD2-AB09-5CD2D4F67DFA}.Debug|x64.ActiveCfg = Debug|x64
		{CA9A64CE-D062-3FD2-AB09-5CD2D4F67DFA}.Release|x64.ActiveCfg = Release|x64
		{CA9A64CE-D062-3FD2-AB09-5CD2D4F67DFA}.MinSizeRel|x64.ActiveCfg = MinSizeRel|x64
		{CA9A64CE-D062-3FD2-AB09-5CD2D4F67DFA}.RelWithDebInfo|x64.ActiveCfg = RelWithDebInfo|x64
		{2FFC58F7-2B8E-389F-B888-FE40F1F15C39}.Debug|x64.ActiveCfg = Debug|x64
		{2FFC58F7-2B8E-389F-B888-FE40F1F15C39}.Debug|x64.Build.0 = Debug|x64
		{2FFC58F7-2B8E-389F-B888-FE40F1F15C39}.Release|x64.ActiveCfg = Release|x64
		{2FFC58F7-2B8E-389F-B888-FE40F1F15C39}.Release|x64.Build.0 = Release|x64
		{2FFC58F7-2B8E-389F-B888-FE40F1F15C39}.MinSizeRel|x64.ActiveCfg = MinSizeRel|x64
		{2FFC58F7-2B8E-389F-B888-FE40F1F15C39}.MinSizeRel|x64.Build.0 = MinSizeRel|x64
		{2FFC58F7-2B8E-389F-B888-FE40F1F15C39}.RelWithDebInfo|x64.ActiveCfg = RelWithDebInfo|x64
		{2FFC58F7-2B8E-389F-B888-FE40F1F15C39}.RelWithDebInfo|x64.Build.0 = RelWithDebInfo|x64
		{64D317F4-11D9-3E7D-9318-6516FDC2CCC8}.Debug|x64.ActiveCfg = Debug|x64
		{64D317F4-11D9-3E7D-9318-6516FDC2CCC8}.Debug|x64.Build.0 = Debug|x64
		{64D317F4-11D9-3E7D-9318-6516FDC2CCC8}.Release|x64.ActiveCfg = Release|x64
		{64D317F4-11D9-3E7D-9318-6516FDC2CCC8}.Release|x64.Build.0 = Release|x64
		{64D317F4-11D9-3E7D-9318-6516FDC2CCC8}.MinSizeRel|x64.ActiveCfg = MinSizeRel|x64
		{64D317F4-11D9-3E7D-9318-6516FDC2CCC8}.MinSizeRel|x64.Build.0 = MinSizeRel|x64
		{64D317F4-11D9-3E7D-9318-6516FDC2CCC8}.RelWithDebInfo|x64.ActiveCfg = RelWithDebInfo|x64
		{64D317F4-11D9-3E7D-9318-6516FDC2CCC8}.RelWithDebInfo|x64.Build.0 = RelWithDebInfo|x64
		{A76AF230-12CC-3FC4-91EA-2206CA604E76}.Debug|x64.ActiveCfg = Debug|x64
		{A76AF230-12CC-3FC4-91EA-2206CA604E76}.Debug|x64.Build.0 = Debug|x64
		{A76AF230-12CC-3FC4-91EA-2206CA604E76}.Release|x64.ActiveCfg = Release|x64
		{A76AF230-12CC-3FC4-91EA-2206CA604E76}.Release|x64.Build.0 = Release|x64
		{A76AF230-12CC-3FC4-91EA-2206CA604E76}.MinSizeRel|x64.ActiveCfg = MinSizeRel|x64
		{A76AF230-12CC-3FC4-91EA-2206CA604E76}.MinSizeRel|x64.Build.0 = MinSizeRel|x64
		{A76AF230-12CC-3FC4-91EA-2206CA604E76}.RelWithDebInfo|x64.ActiveCfg = RelWithDebInfo|x64
		{A76AF230-12CC-3FC4-91EA-2206CA604E76}.RelWithDebInfo|x64.Build.0 = RelWithDebInfo|x64
		{E82DD609-DD3E-3698-9032-F1DA727E4051}.Debug|x64.ActiveCfg = Debug|x64
		{E82DD609-DD3E-3698-9032-F1DA727E4051}.Debug|x64.Build.0 = Debug|x64
		{E82DD609-DD3E-3698-9032-F1DA727E4051}.Release|x64.ActiveCfg = Release|x64
		{E82DD609-DD3E-3698-9032-F1DA727E4051}.Release|x64.Build.0 = Release|x64
		{E82DD609-DD3E-3698-9032-F1DA727E4051}.MinSizeRel|x64.ActiveCfg = MinSizeRel|x64
		{E82DD609-DD3E-3698-9032-F1DA727E4051}.MinSizeRel|x64.Build.0 = MinSizeRel|x64
		{E82DD609-DD3E-3698-9032-F1DA727E4051}.RelWithDebInfo|x64.ActiveCfg = RelWithDebInfo|x64
		{E82DD609-DD3E-3698-9032-F1DA727E4051}.RelWithDebInfo|x64.Build.0 = RelWithDebInfo|x64
	EndGlobalSection
	GlobalSection(ExtensibilityGlobals) = postSolution
		SolutionGuid = {32A92EE5-E383-3756-B9F4-851226A66D81}
	EndGlobalSection
	GlobalSection(ExtensibilityAddIns) = postSolution
	EndGlobalSection
EndGlobal
