<?xml version="1.0" encoding="utf-8"?>
<Project ToolsVersion="17.0" xmlns="http://schemas.microsoft.com/developer/msbuild/2003">
  <ItemGroup>
    <CustomBuild Include="C:\Users\jthec\cen64-rs\win-iconv-0.0.10\win-iconv-0.0.10\CMakeFiles\ddea80048fd02e13721ac17debea2702\generate.stamp.rule">
      <Filter>CMake Rules</Filter>
    </CustomBuild>
  </ItemGroup>
  <ItemGroup>
    <Filter Include="CMake Rules">
      <UniqueIdentifier>{4AF39685-EE71-3296-BCA7-6C4B997470BA}</UniqueIdentifier>
    </Filter>
  </ItemGroup>
</Project>
